
Microsoft Visual Studio Solution File, Format Version 12.00
# Visual Studio Version 17
VisualStudioVersion = 17.0.32112.339
MinimumVisualStudioVersion = 10.0.40219.1
Project("{FAE04EC0-301F-11D3-BF4B-00C04F79EFBC}") = "ToDoList", "ToDoList\ToDoList.csproj", "{44AC538C-73C2-45B0-8B53-F00B7586364C}"
EndProject
Global
	GlobalSection(SolutionConfigurationPlatforms) = preSolution
		Debug|Any CPU = Debug|Any CPU
		Release|Any CPU = Release|Any CPU
	EndGlobalSection
	GlobalSection(ProjectConfigurationPlatforms) = postSolution
		{44AC538C-73C2-45B0-8B53-F00B7586364C}.Debug|Any CPU.ActiveCfg = Debug|Any CPU
		{44AC538C-73C2-45B0-8B53-F00B7586364C}.Debug|Any CPU.Build.0 = Debug|Any CPU
		{44AC538C-73C2-45B0-8B53-F00B7586364C}.Release|Any CPU.ActiveCfg = Release|Any CPU
		{44AC538C-73C2-45B0-8B53-F00B7586364C}.Release|Any CPU.Build.0 = Release|Any CPU
	EndGlobalSection
	GlobalSection(SolutionProperties) = preSolution
		HideSolutionNode = FALSE
	EndGlobalSection
	GlobalSection(ExtensibilityGlobals) = postSolution
		SolutionGuid = {771C3136-0210-4DB8-A447-8C0FA9AF0A37}
	EndGlobalSection
EndGlobal
